
Microsoft Visual Studio Solution File, Format Version 12.00
Project("{FAE04EC0-301F-11D3-BF4B-00C04F79EFBC}") = "Presentation.WebApp", "Presentation.WebApp\Presentation.WebApp.csproj", "{1757411D-035F-4A1E-A59F-C78184280AEF}"
EndProject
Global
	GlobalSection(SolutionConfigurationPlatforms) = preSolution
		Debug|Any CPU = Debug|Any CPU
		Release|Any CPU = Release|Any CPU
	EndGlobalSection
	GlobalSection(ProjectConfigurationPlatforms) = postSolution
		{1757411D-035F-4A1E-A59F-C78184280AEF}.Debug|Any CPU.ActiveCfg = Debug|Any CPU
		{1757411D-035F-4A1E-A59F-C78184280AEF}.Debug|Any CPU.Build.0 = Debug|Any CPU
		{1757411D-035F-4A1E-A59F-C78184280AEF}.Release|Any CPU.ActiveCfg = Release|Any CPU
		{1757411D-035F-4A1E-A59F-C78184280AEF}.Release|Any CPU.Build.0 = Release|Any CPU
	EndGlobalSection
EndGlobal
