
Microsoft Visual Studio Solution File, Format Version 12.00
Project("{FAE04EC0-301F-11D3-BF4B-00C04F79EFBC}") = "Presentation.WebApp", "Presentation.WebApp\Presentation.WebApp.csproj", "{3DA8766C-333E-4BBF-88CC-7314A703CDDC}"
EndProject
Project("{FAE04EC0-301F-11D3-BF4B-00C04F79EFBC}") = "Data", "Data\Data.csproj", "{FA7DD9AF-2486-49D3-9FBA-0D9A49A67F00}"
EndProject
Project("{FAE04EC0-301F-11D3-BF4B-00C04F79EFBC}") = "Domain", "Domain\Domain.csproj", "{EAF5EE3D-D4F0-406C-B43E-3FA8A4B556EA}"
EndProject
Project("{FAE04EC0-301F-11D3-BF4B-00C04F79EFBC}") = "Business", "Business\Business.csproj", "{C2209C51-1AB1-412D-A5E9-7A5F43B2408D}"
EndProject
Global
	GlobalSection(SolutionConfigurationPlatforms) = preSolution
		Debug|Any CPU = Debug|Any CPU
		Release|Any CPU = Release|Any CPU
	EndGlobalSection
	GlobalSection(ProjectConfigurationPlatforms) = postSolution
		{3DA8766C-333E-4BBF-88CC-7314A703CDDC}.Debug|Any CPU.ActiveCfg = Debug|Any CPU
		{3DA8766C-333E-4BBF-88CC-7314A703CDDC}.Debug|Any CPU.Build.0 = Debug|Any CPU
		{3DA8766C-333E-4BBF-88CC-7314A703CDDC}.Release|Any CPU.ActiveCfg = Release|Any CPU
		{3DA8766C-333E-4BBF-88CC-7314A703CDDC}.Release|Any CPU.Build.0 = Release|Any CPU
		{FA7DD9AF-2486-49D3-9FBA-0D9A49A67F00}.Debug|Any CPU.ActiveCfg = Debug|Any CPU
		{FA7DD9AF-2486-49D3-9FBA-0D9A49A67F00}.Debug|Any CPU.Build.0 = Debug|Any CPU
		{FA7DD9AF-2486-49D3-9FBA-0D9A49A67F00}.Release|Any CPU.ActiveCfg = Release|Any CPU
		{FA7DD9AF-2486-49D3-9FBA-0D9A49A67F00}.Release|Any CPU.Build.0 = Release|Any CPU
		{EAF5EE3D-D4F0-406C-B43E-3FA8A4B556EA}.Debug|Any CPU.ActiveCfg = Debug|Any CPU
		{EAF5EE3D-D4F0-406C-B43E-3FA8A4B556EA}.Debug|Any CPU.Build.0 = Debug|Any CPU
		{EAF5EE3D-D4F0-406C-B43E-3FA8A4B556EA}.Release|Any CPU.ActiveCfg = Release|Any CPU
		{EAF5EE3D-D4F0-406C-B43E-3FA8A4B556EA}.Release|Any CPU.Build.0 = Release|Any CPU
		{C2209C51-1AB1-412D-A5E9-7A5F43B2408D}.Debug|Any CPU.ActiveCfg = Debug|Any CPU
		{C2209C51-1AB1-412D-A5E9-7A5F43B2408D}.Debug|Any CPU.Build.0 = Debug|Any CPU
		{C2209C51-1AB1-412D-A5E9-7A5F43B2408D}.Release|Any CPU.ActiveCfg = Release|Any CPU
		{C2209C51-1AB1-412D-A5E9-7A5F43B2408D}.Release|Any CPU.Build.0 = Release|Any CPU
	EndGlobalSection
EndGlobal
