
Microsoft Visual Studio Solution File, Format Version 12.00
Project("{FAE04EC0-301F-11D3-BF4B-00C04F79EFBC}") = "Presentation.WebApp", "Presentation.WebApp\Presentation.WebApp.csproj", "{714957FF-E0F5-414A-BD00-F7A18915E25E}"
EndProject
Project("{FAE04EC0-301F-11D3-BF4B-00C04F79EFBC}") = "Domain", "Domain\Domain.csproj", "{2B627E54-92F5-464A-BA20-FB902E68C684}"
EndProject
Project("{FAE04EC0-301F-11D3-BF4B-00C04F79EFBC}") = "Data", "Data\Data.csproj", "{ECC4EDB7-1DC4-4DE7-9921-DB58CC704523}"
EndProject
Project("{FAE04EC0-301F-11D3-BF4B-00C04F79EFBC}") = "Business", "Business\Business.csproj", "{36E86B4A-7EA1-4EB8-9DCD-61CEF8D7CC23}"
EndProject
Global
	GlobalSection(SolutionConfigurationPlatforms) = preSolution
		Debug|Any CPU = Debug|Any CPU
		Release|Any CPU = Release|Any CPU
	EndGlobalSection
	GlobalSection(ProjectConfigurationPlatforms) = postSolution
		{714957FF-E0F5-414A-BD00-F7A18915E25E}.Debug|Any CPU.ActiveCfg = Debug|Any CPU
		{714957FF-E0F5-414A-BD00-F7A18915E25E}.Debug|Any CPU.Build.0 = Debug|Any CPU
		{714957FF-E0F5-414A-BD00-F7A18915E25E}.Release|Any CPU.ActiveCfg = Release|Any CPU
		{714957FF-E0F5-414A-BD00-F7A18915E25E}.Release|Any CPU.Build.0 = Release|Any CPU
		{2B627E54-92F5-464A-BA20-FB902E68C684}.Debug|Any CPU.ActiveCfg = Debug|Any CPU
		{2B627E54-92F5-464A-BA20-FB902E68C684}.Debug|Any CPU.Build.0 = Debug|Any CPU
		{2B627E54-92F5-464A-BA20-FB902E68C684}.Release|Any CPU.ActiveCfg = Release|Any CPU
		{2B627E54-92F5-464A-BA20-FB902E68C684}.Release|Any CPU.Build.0 = Release|Any CPU
		{ECC4EDB7-1DC4-4DE7-9921-DB58CC704523}.Debug|Any CPU.ActiveCfg = Debug|Any CPU
		{ECC4EDB7-1DC4-4DE7-9921-DB58CC704523}.Debug|Any CPU.Build.0 = Debug|Any CPU
		{ECC4EDB7-1DC4-4DE7-9921-DB58CC704523}.Release|Any CPU.ActiveCfg = Release|Any CPU
		{ECC4EDB7-1DC4-4DE7-9921-DB58CC704523}.Release|Any CPU.Build.0 = Release|Any CPU
		{36E86B4A-7EA1-4EB8-9DCD-61CEF8D7CC23}.Debug|Any CPU.ActiveCfg = Debug|Any CPU
		{36E86B4A-7EA1-4EB8-9DCD-61CEF8D7CC23}.Debug|Any CPU.Build.0 = Debug|Any CPU
		{36E86B4A-7EA1-4EB8-9DCD-61CEF8D7CC23}.Release|Any CPU.ActiveCfg = Release|Any CPU
		{36E86B4A-7EA1-4EB8-9DCD-61CEF8D7CC23}.Release|Any CPU.Build.0 = Release|Any CPU
	EndGlobalSection
EndGlobal
