
Microsoft Visual Studio Solution File, Format Version 12.00
Project("{FAE04EC0-301F-11D3-BF4B-00C04F79EFBC}") = "Presentation.WebApp", "Presentation.WebApp\Presentation.WebApp.csproj", "{B025C3BD-3237-4038-91FC-8BDB11B1B135}"
EndProject
Project("{FAE04EC0-301F-11D3-BF4B-00C04F79EFBC}") = "Data", "Data\Data.csproj", "{2B0373F2-F3BA-4A92-9ED5-D68B04E49774}"
EndProject
Project("{FAE04EC0-301F-11D3-BF4B-00C04F79EFBC}") = "Domain", "Domain\Domain.csproj", "{3682DC57-E76D-4D9E-9553-ABD7B1B061C6}"
EndProject
Project("{FAE04EC0-301F-11D3-BF4B-00C04F79EFBC}") = "Business", "Business\Business.csproj", "{1760BCAF-26CC-4D1C-A893-45D08E180B60}"
EndProject
Global
	GlobalSection(SolutionConfigurationPlatforms) = preSolution
		Debug|Any CPU = Debug|Any CPU
		Release|Any CPU = Release|Any CPU
	EndGlobalSection
	GlobalSection(ProjectConfigurationPlatforms) = postSolution
		{B025C3BD-3237-4038-91FC-8BDB11B1B135}.Debug|Any CPU.ActiveCfg = Debug|Any CPU
		{B025C3BD-3237-4038-91FC-8BDB11B1B135}.Debug|Any CPU.Build.0 = Debug|Any CPU
		{B025C3BD-3237-4038-91FC-8BDB11B1B135}.Release|Any CPU.ActiveCfg = Release|Any CPU
		{B025C3BD-3237-4038-91FC-8BDB11B1B135}.Release|Any CPU.Build.0 = Release|Any CPU
		{2B0373F2-F3BA-4A92-9ED5-D68B04E49774}.Debug|Any CPU.ActiveCfg = Debug|Any CPU
		{2B0373F2-F3BA-4A92-9ED5-D68B04E49774}.Debug|Any CPU.Build.0 = Debug|Any CPU
		{2B0373F2-F3BA-4A92-9ED5-D68B04E49774}.Release|Any CPU.ActiveCfg = Release|Any CPU
		{2B0373F2-F3BA-4A92-9ED5-D68B04E49774}.Release|Any CPU.Build.0 = Release|Any CPU
		{3682DC57-E76D-4D9E-9553-ABD7B1B061C6}.Debug|Any CPU.ActiveCfg = Debug|Any CPU
		{3682DC57-E76D-4D9E-9553-ABD7B1B061C6}.Debug|Any CPU.Build.0 = Debug|Any CPU
		{3682DC57-E76D-4D9E-9553-ABD7B1B061C6}.Release|Any CPU.ActiveCfg = Release|Any CPU
		{3682DC57-E76D-4D9E-9553-ABD7B1B061C6}.Release|Any CPU.Build.0 = Release|Any CPU
		{1760BCAF-26CC-4D1C-A893-45D08E180B60}.Debug|Any CPU.ActiveCfg = Debug|Any CPU
		{1760BCAF-26CC-4D1C-A893-45D08E180B60}.Debug|Any CPU.Build.0 = Debug|Any CPU
		{1760BCAF-26CC-4D1C-A893-45D08E180B60}.Release|Any CPU.ActiveCfg = Release|Any CPU
		{1760BCAF-26CC-4D1C-A893-45D08E180B60}.Release|Any CPU.Build.0 = Release|Any CPU
	EndGlobalSection
EndGlobal
